{
  "name": "ui-preship",
  "version": "0.1.0",
  "lockfileVersion": 3,
  "requires": true,
  "packages": {
    "": {
      "name": "ui-preship",
      "version": "0.1.0",
      "license": "MIT",
      "bin": {
        "ui-preship": "bin/ui-preship.mjs"
      },
      "engines": {
        "node": ">=22 <23"
      }
    }
  }
}
